
Microsoft Visual Studio Solution File, Format Version 12.00
# Visual Studio Version 17
VisualStudioVersion = 17.8.34511.84
MinimumVisualStudioVersion = 10.0.40219.1
Project("{9A19103F-16F7-4668-BE54-9A1E7A4F7556}") = "BEngineEditor", "BEngineEditor\BEngineEditor.csproj", "{48044AA0-518A-4CE6-AD06-7527F578D1EC}"
EndProject
Project("{9A19103F-16F7-4668-BE54-9A1E7A4F7556}") = "BEngineCore", "BEngineCore\BEngineCore.csproj", "{3DF56A53-2048-4A6C-82B5-A868F5FD87F9}"
EndProject
Project("{9A19103F-16F7-4668-BE54-9A1E7A4F7556}") = "BEngineScripting", "BEngineScripting\BEngineScripting.csproj", "{EBED947E-E480-4221-95E5-7B935F801B6F}"
EndProject
Project("{2150E333-8FDC-42A3-9474-1A3956D46DE8}") = "Solution Items", "Solution Items", "{F09F8828-3765-4C13-8376-BFC05B1540A0}"
	ProjectSection(SolutionItems) = preProject
		.editorconfig = .editorconfig
	EndProjectSection
EndProject
Project("{2150E333-8FDC-42A3-9474-1A3956D46DE8}") = "external", "external", "{BCB95B00-6214-406E-B6D8-E0D3690D66E4}"
EndProject
Project("{9A19103F-16F7-4668-BE54-9A1E7A4F7556}") = "MagicPhysX", "external\MagicPhysX\MagicPhysX.csproj", "{612C7D92-6C59-4ADD-8F70-6A9E89B688ED}"
EndProject
Project("{2150E333-8FDC-42A3-9474-1A3956D46DE8}") = "utils", "utils", "{E8E77C8E-0032-48F6-939A-BE2B3F153BC4}"
EndProject
Project("{9A19103F-16F7-4668-BE54-9A1E7A4F7556}") = "BEngineAssetGenerator", "utils\BEngineAssetGenerator\BEngineAssetGenerator.csproj", "{EAF3CF4B-3D86-488D-A9C3-C33B9D7F8786}"
EndProject
Project("{FAE04EC0-301F-11D3-BF4B-00C04F79EFBC}") = "Units", "Units\Units.csproj", "{A7AAFBC9-5CDC-4A09-A965-E5C519483E0F}"
EndProject
Global
	GlobalSection(SolutionConfigurationPlatforms) = preSolution
		Debug|Any CPU = Debug|Any CPU
		Debug|x64 = Debug|x64
		Debug|x86 = Debug|x86
		Release|Any CPU = Release|Any CPU
		Release|x64 = Release|x64
		Release|x86 = Release|x86
	EndGlobalSection
	GlobalSection(ProjectConfigurationPlatforms) = postSolution
		{48044AA0-518A-4CE6-AD06-7527F578D1EC}.Debug|Any CPU.ActiveCfg = Debug|Any CPU
		{48044AA0-518A-4CE6-AD06-7527F578D1EC}.Debug|Any CPU.Build.0 = Debug|Any CPU
		{48044AA0-518A-4CE6-AD06-7527F578D1EC}.Debug|x64.ActiveCfg = Debug|Any CPU
		{48044AA0-518A-4CE6-AD06-7527F578D1EC}.Debug|x64.Build.0 = Debug|Any CPU
		{48044AA0-518A-4CE6-AD06-7527F578D1EC}.Debug|x86.ActiveCfg = Debug|Any CPU
		{48044AA0-518A-4CE6-AD06-7527F578D1EC}.Debug|x86.Build.0 = Debug|Any CPU
		{48044AA0-518A-4CE6-AD06-7527F578D1EC}.Release|Any CPU.ActiveCfg = Release|Any CPU
		{48044AA0-518A-4CE6-AD06-7527F578D1EC}.Release|Any CPU.Build.0 = Release|Any CPU
		{48044AA0-518A-4CE6-AD06-7527F578D1EC}.Release|x64.ActiveCfg = Release|Any CPU
		{48044AA0-518A-4CE6-AD06-7527F578D1EC}.Release|x64.Build.0 = Release|Any CPU
		{48044AA0-518A-4CE6-AD06-7527F578D1EC}.Release|x86.ActiveCfg = Release|Any CPU
		{48044AA0-518A-4CE6-AD06-7527F578D1EC}.Release|x86.Build.0 = Release|Any CPU
		{3DF56A53-2048-4A6C-82B5-A868F5FD87F9}.Debug|Any CPU.ActiveCfg = Debug|Any CPU
		{3DF56A53-2048-4A6C-82B5-A868F5FD87F9}.Debug|Any CPU.Build.0 = Debug|Any CPU
		{3DF56A53-2048-4A6C-82B5-A868F5FD87F9}.Debug|x64.ActiveCfg = Debug|Any CPU
		{3DF56A53-2048-4A6C-82B5-A868F5FD87F9}.Debug|x64.Build.0 = Debug|Any CPU
		{3DF56A53-2048-4A6C-82B5-A868F5FD87F9}.Debug|x86.ActiveCfg = Debug|Any CPU
		{3DF56A53-2048-4A6C-82B5-A868F5FD87F9}.Debug|x86.Build.0 = Debug|Any CPU
		{3DF56A53-2048-4A6C-82B5-A868F5FD87F9}.Release|Any CPU.ActiveCfg = Release|Any CPU
		{3DF56A53-2048-4A6C-82B5-A868F5FD87F9}.Release|Any CPU.Build.0 = Release|Any CPU
		{3DF56A53-2048-4A6C-82B5-A868F5FD87F9}.Release|x64.ActiveCfg = Release|Any CPU
		{3DF56A53-2048-4A6C-82B5-A868F5FD87F9}.Release|x64.Build.0 = Release|Any CPU
		{3DF56A53-2048-4A6C-82B5-A868F5FD87F9}.Release|x86.ActiveCfg = Release|Any CPU
		{3DF56A53-2048-4A6C-82B5-A868F5FD87F9}.Release|x86.Build.0 = Release|Any CPU
		{EBED947E-E480-4221-95E5-7B935F801B6F}.Debug|Any CPU.ActiveCfg = Debug|Any CPU
		{EBED947E-E480-4221-95E5-7B935F801B6F}.Debug|Any CPU.Build.0 = Debug|Any CPU
		{EBED947E-E480-4221-95E5-7B935F801B6F}.Debug|x64.ActiveCfg = Debug|Any CPU
		{EBED947E-E480-4221-95E5-7B935F801B6F}.Debug|x64.Build.0 = Debug|Any CPU
		{EBED947E-E480-4221-95E5-7B935F801B6F}.Debug|x86.ActiveCfg = Debug|Any CPU
		{EBED947E-E480-4221-95E5-7B935F801B6F}.Debug|x86.Build.0 = Debug|Any CPU
		{EBED947E-E480-4221-95E5-7B935F801B6F}.Release|Any CPU.ActiveCfg = Release|Any CPU
		{EBED947E-E480-4221-95E5-7B935F801B6F}.Release|Any CPU.Build.0 = Release|Any CPU
		{EBED947E-E480-4221-95E5-7B935F801B6F}.Release|x64.ActiveCfg = Release|Any CPU
		{EBED947E-E480-4221-95E5-7B935F801B6F}.Release|x64.Build.0 = Release|Any CPU
		{EBED947E-E480-4221-95E5-7B935F801B6F}.Release|x86.ActiveCfg = Release|Any CPU
		{EBED947E-E480-4221-95E5-7B935F801B6F}.Release|x86.Build.0 = Release|Any CPU
		{612C7D92-6C59-4ADD-8F70-6A9E89B688ED}.Debug|Any CPU.ActiveCfg = Debug|Any CPU
		{612C7D92-6C59-4ADD-8F70-6A9E89B688ED}.Debug|Any CPU.Build.0 = Debug|Any CPU
		{612C7D92-6C59-4ADD-8F70-6A9E89B688ED}.Debug|x64.ActiveCfg = Debug|Any CPU
		{612C7D92-6C59-4ADD-8F70-6A9E89B688ED}.Debug|x64.Build.0 = Debug|Any CPU
		{612C7D92-6C59-4ADD-8F70-6A9E89B688ED}.Debug|x86.ActiveCfg = Debug|Any CPU
		{612C7D92-6C59-4ADD-8F70-6A9E89B688ED}.Debug|x86.Build.0 = Debug|Any CPU
		{612C7D92-6C59-4ADD-8F70-6A9E89B688ED}.Release|Any CPU.ActiveCfg = Release|Any CPU
		{612C7D92-6C59-4ADD-8F70-6A9E89B688ED}.Release|Any CPU.Build.0 = Release|Any CPU
		{612C7D92-6C59-4ADD-8F70-6A9E89B688ED}.Release|x64.ActiveCfg = Release|Any CPU
		{612C7D92-6C59-4ADD-8F70-6A9E89B688ED}.Release|x64.Build.0 = Release|Any CPU
		{612C7D92-6C59-4ADD-8F70-6A9E89B688ED}.Release|x86.ActiveCfg = Release|Any CPU
		{612C7D92-6C59-4ADD-8F70-6A9E89B688ED}.Release|x86.Build.0 = Release|Any CPU
		{EAF3CF4B-3D86-488D-A9C3-C33B9D7F8786}.Debug|Any CPU.ActiveCfg = Debug|Any CPU
		{EAF3CF4B-3D86-488D-A9C3-C33B9D7F8786}.Debug|Any CPU.Build.0 = Debug|Any CPU
		{EAF3CF4B-3D86-488D-A9C3-C33B9D7F8786}.Debug|x64.ActiveCfg = Debug|Any CPU
		{EAF3CF4B-3D86-488D-A9C3-C33B9D7F8786}.Debug|x64.Build.0 = Debug|Any CPU
		{EAF3CF4B-3D86-488D-A9C3-C33B9D7F8786}.Debug|x86.ActiveCfg = Debug|Any CPU
		{EAF3CF4B-3D86-488D-A9C3-C33B9D7F8786}.Debug|x86.Build.0 = Debug|Any CPU
		{EAF3CF4B-3D86-488D-A9C3-C33B9D7F8786}.Release|Any CPU.ActiveCfg = Release|Any CPU
		{EAF3CF4B-3D86-488D-A9C3-C33B9D7F8786}.Release|Any CPU.Build.0 = Release|Any CPU
		{EAF3CF4B-3D86-488D-A9C3-C33B9D7F8786}.Release|x64.ActiveCfg = Release|Any CPU
		{EAF3CF4B-3D86-488D-A9C3-C33B9D7F8786}.Release|x64.Build.0 = Release|Any CPU
		{EAF3CF4B-3D86-488D-A9C3-C33B9D7F8786}.Release|x86.ActiveCfg = Release|Any CPU
		{EAF3CF4B-3D86-488D-A9C3-C33B9D7F8786}.Release|x86.Build.0 = Release|Any CPU
		{A7AAFBC9-5CDC-4A09-A965-E5C519483E0F}.Debug|Any CPU.ActiveCfg = Debug|Any CPU
		{A7AAFBC9-5CDC-4A09-A965-E5C519483E0F}.Debug|Any CPU.Build.0 = Debug|Any CPU
		{A7AAFBC9-5CDC-4A09-A965-E5C519483E0F}.Debug|x64.ActiveCfg = Debug|Any CPU
		{A7AAFBC9-5CDC-4A09-A965-E5C519483E0F}.Debug|x64.Build.0 = Debug|Any CPU
		{A7AAFBC9-5CDC-4A09-A965-E5C519483E0F}.Debug|x86.ActiveCfg = Debug|Any CPU
		{A7AAFBC9-5CDC-4A09-A965-E5C519483E0F}.Debug|x86.Build.0 = Debug|Any CPU
		{A7AAFBC9-5CDC-4A09-A965-E5C519483E0F}.Release|Any CPU.ActiveCfg = Release|Any CPU
		{A7AAFBC9-5CDC-4A09-A965-E5C519483E0F}.Release|Any CPU.Build.0 = Release|Any CPU
		{A7AAFBC9-5CDC-4A09-A965-E5C519483E0F}.Release|x64.ActiveCfg = Release|Any CPU
		{A7AAFBC9-5CDC-4A09-A965-E5C519483E0F}.Release|x64.Build.0 = Release|Any CPU
		{A7AAFBC9-5CDC-4A09-A965-E5C519483E0F}.Release|x86.ActiveCfg = Release|Any CPU
		{A7AAFBC9-5CDC-4A09-A965-E5C519483E0F}.Release|x86.Build.0 = Release|Any CPU
	EndGlobalSection
	GlobalSection(SolutionProperties) = preSolution
		HideSolutionNode = FALSE
	EndGlobalSection
	GlobalSection(NestedProjects) = preSolution
		{612C7D92-6C59-4ADD-8F70-6A9E89B688ED} = {BCB95B00-6214-406E-B6D8-E0D3690D66E4}
		{EAF3CF4B-3D86-488D-A9C3-C33B9D7F8786} = {E8E77C8E-0032-48F6-939A-BE2B3F153BC4}
	EndGlobalSection
	GlobalSection(ExtensibilityGlobals) = postSolution
		SolutionGuid = {51380315-63E0-486C-AE72-D04F189D143F}
	EndGlobalSection
EndGlobal
